
Microsoft Visual Studio Solution File, Format Version 12.00
# Visual Studio Version 16
VisualStudioVersion = 16.0.31507.150
MinimumVisualStudioVersion = 10.0.40219.1
Project("{9A19103F-16F7-4668-BE54-9A1E7A4F7556}") = "Pkcs11Interop.X509Store", "Pkcs11Interop.X509Store\Pkcs11Interop.X509Store.csproj", "{A0E1C0F5-3887-4FCB-9EBA-6D08C7D718F4}"
EndProject
Project("{9A19103F-16F7-4668-BE54-9A1E7A4F7556}") = "Pkcs11Interop.X509Store.Tests", "Pkcs11Interop.X509Store.Tests\Pkcs11Interop.X509Store.Tests.csproj", "{48C63363-2ADC-4279-8BAF-B9BC45DE075A}"
EndProject
Global
	GlobalSection(SolutionConfigurationPlatforms) = preSolution
		Debug|Any CPU = Debug|Any CPU
		Release|Any CPU = Release|Any CPU
	EndGlobalSection
	GlobalSection(ProjectConfigurationPlatforms) = postSolution
		{A0E1C0F5-3887-4FCB-9EBA-6D08C7D718F4}.Debug|Any CPU.ActiveCfg = Debug|Any CPU
		{A0E1C0F5-3887-4FCB-9EBA-6D08C7D718F4}.Debug|Any CPU.Build.0 = Debug|Any CPU
		{A0E1C0F5-3887-4FCB-9EBA-6D08C7D718F4}.Release|Any CPU.ActiveCfg = Release|Any CPU
		{A0E1C0F5-3887-4FCB-9EBA-6D08C7D718F4}.Release|Any CPU.Build.0 = Release|Any CPU
		{48C63363-2ADC-4279-8BAF-B9BC45DE075A}.Debug|Any CPU.ActiveCfg = Debug|Any CPU
		{48C63363-2ADC-4279-8BAF-B9BC45DE075A}.Debug|Any CPU.Build.0 = Debug|Any CPU
		{48C63363-2ADC-4279-8BAF-B9BC45DE075A}.Release|Any CPU.ActiveCfg = Release|Any CPU
		{48C63363-2ADC-4279-8BAF-B9BC45DE075A}.Release|Any CPU.Build.0 = Release|Any CPU
	EndGlobalSection
	GlobalSection(SolutionProperties) = preSolution
		HideSolutionNode = FALSE
	EndGlobalSection
	GlobalSection(ExtensibilityGlobals) = postSolution
		SolutionGuid = {FE003D03-2A43-40D5-BDA3-6A1ED52558AD}
	EndGlobalSection
EndGlobal
